version = 1
revision = 3
requires-python = ">=3.13"

[[package]]
name = "drjit"
version = "1.3.1"
source = { registry = "https://pypi.org/simple" }
wheels = [
    { url = "https://files.pythonhosted.org/packages/cc/59/ad6676b8489bac52f414d95d3c1f04282b1c7f0b9605546bc1e93e0819d9/drjit-1.3.1-cp312-abi3-macosx_11_0_arm64.whl", hash = "sha256:15c80f88a9d61a243ef11a120435d1809c01fd30010367b00869a26c76ee6032", size = 3370045, upload-time = "2026-02-23T09:02:27.689Z" },
    { url = "https://files.pythonhosted.org/packages/a1/55/df14df15a0985d1df614a2f8d0bc88b761f99513e5ae082ea17930297245/drjit-1.3.1-cp312-abi3-manylinux2014_aarch64.manylinux_2_17_aarch64.whl", hash = "sha256:6664819fa67165d8241a9a83631e1f86a49192fa8d03890cce4830fdef8d85be", size = 4836430, upload-time = "2026-02-23T09:02:29.311Z" },
    { url = "https://files.pythonhosted.org/packages/83/f2/66137ea23e4b592b366edb3db30e065f2bb5b680e2276b1d2ec581049d5f/drjit-1.3.1-cp312-abi3-manylinux_2_27_x86_64.manylinux_2_28_x86_64.whl", hash = "sha256:f3fe4207ac5382e15e66ae4a22557e5087f6ff09cf09d3b8eda682e08cbb85fc", size = 4533222, upload-time = "2026-02-23T09:02:30.479Z" },
    { url = "https://files.pythonhosted.org/packages/dd/20/f71d81a7e33925a9e63e2d612b10b0b77edbc7cb0dfa4b823645c7aa96db/drjit-1.3.1-cp312-abi3-win_amd64.whl", hash = "sha256:d667ae91a390ecb04a69071a18641b2b5e583cbcab1b67a03ff69565bf7a89f5", size = 4099930, upload-time = "2026-02-23T09:02:31.803Z" },
    { url = "https://files.pythonhosted.org/packages/ca/bb/79459303cae77d460b59aaed3537e079a413f56ec9dd0e083241d0264a4d/drjit-1.3.1-cp313-cp313-macosx_11_0_arm64.whl", hash = "sha256:456726d4fc691fd3539bbef2c3e8ef2b7deadc11f9babb464e6519f181cb23c9", size = 3343948, upload-time = "2026-02-23T09:02:40.245Z" },
    { url = "https://files.pythonhosted.org/packages/f6/10/54c04152964661fe98a48b34b5f7a74bce63fa4c2a12d49bdb9bac257e99/drjit-1.3.1-cp313-cp313-manylinux2014_aarch64.manylinux_2_17_aarch64.whl", hash = "sha256:2845e372335e02cc1e920262d345a0c69cce79798a9a5dad7dc3b72f33549a34", size = 4835090, upload-time = "2026-02-23T09:02:41.675Z" },
    { url = "https://files.pythonhosted.org/packages/21/3d/16a52136b3c961ced81e6031d04b8041895d8403a440c5596662fd30a08f/drjit-1.3.1-cp313-cp313-manylinux_2_27_x86_64.manylinux_2_28_x86_64.whl", hash = "sha256:3946702ebad62fca60c9b734af40f6aa615655ab0d822ba8dda60a8e02886936", size = 4519622, upload-time = "2026-02-23T09:02:43.089Z" },
    { url = "https://files.pythonhosted.org/packages/20/6f/1d79672b1b5eb2f8eb220fe054b0cb3dde4c10c973a26cc9e2b973cb1146/drjit-1.3.1-cp313-cp313-win_amd64.whl", hash = "sha256:a26e395e9f8d0e084768eeb7183b047ae425ef30a5eecf262baf60d4114e2a31", size = 4097374, upload-time = "2026-02-23T09:02:44.329Z" },
    { url = "https://files.pythonhosted.org/packages/e9/8d/b395c9635a7d5da189643a275472df6ab85119361d54420847252f0012b6/drjit-1.3.1-cp314-cp314-macosx_11_0_arm64.whl", hash = "sha256:9dd03dfa66d550ec39e196d13e71835d21e01a68eb5c6af5ef1f8f149637a655", size = 3347581, upload-time = "2026-02-23T09:02:45.506Z" },
    { url = "https://files.pythonhosted.org/packages/1b/e1/2b50043fcdad216ae66120a4f3e3592c9ebe4c9538d19eea32006c52fbf8/drjit-1.3.1-cp314-cp314-manylinux2014_aarch64.manylinux_2_17_aarch64.whl", hash = "sha256:031af772ef614d1c596331ecfc4f224a7d62947251dc1e707a953e5e15218b70", size = 4836109, upload-time = "2026-02-23T09:02:46.581Z" },
    { url = "https://files.pythonhosted.org/packages/41/44/122fabade60ed015835be0497ed1b5cc300bcb5a17fd233de3b7048831cb/drjit-1.3.1-cp314-cp314-manylinux_2_27_x86_64.manylinux_2_28_x86_64.whl", hash = "sha256:a15d4ddc9aaeca3fbe16402ef56341f7046354a2f312bc1a31da90d177a18b35", size = 4520961, upload-time = "2026-02-23T09:02:47.887Z" },
    { url = "https://files.pythonhosted.org/packages/c3/eb/f9f135ea59409b285f821dae782a4ff0b6fe9a35ad48fa345bf56466c130/drjit-1.3.1-cp314-cp314-win_amd64.whl", hash = "sha256:31003a83856580fd98f2f4943f5d987b6f03dfa4eef3fbf97cc5f20c5b769027", size = 4202961, upload-time = "2026-02-23T09:02:49.294Z" },
]

[[package]]
name = "mitsuba"
version = "3.8.0"
source = { registry = "https://pypi.org/simple" }
dependencies = [
    { name = "drjit" },
]
wheels = [
    { url = "https://files.pythonhosted.org/packages/e7/85/90fefee087141a3ef50c725dee9b0479d07dfc352a8476388c05b5226957/mitsuba-3.8.0-cp312-abi3-macosx_11_0_arm64.whl", hash = "sha256:c1f3f3ed87925f97572e99b762c7bd999ac2227ad7493b5f88567a97468f2a23", size = 37574705, upload-time = "2026-02-23T16:06:50.18Z" },
    { url = "https://files.pythonhosted.org/packages/77/26/609dcb0998b994f05102a2b6c41634092cf00c475b7286c4e3c8593e9e46/mitsuba-3.8.0-cp312-abi3-manylinux2014_aarch64.manylinux_2_17_aarch64.whl", hash = "sha256:9c826a7d934d73b59db17591c390de69ddfa1c91473541794a6a433cbb710fe6", size = 53989259, upload-time = "2026-02-23T16:06:53.57Z" },
    { url = "https://files.pythonhosted.org/packages/b6/b4/4cfc7ea1305461acc6145852c1073da8422f64da229be3e5fe1ea52931a5/mitsuba-3.8.0-cp312-abi3-manylinux_2_28_x86_64.whl", hash = "sha256:991cd863bb47afc5b885117bb2d90750d75f46dbea41007e47bb24cd8767de0e", size = 63046965, upload-time = "2026-02-23T16:06:57.05Z" },
    { url = "https://files.pythonhosted.org/packages/52/d8/3a69c5d061d0e7f749356fe9298d1cb6c91a085ee4dece600f817ca7b18c/mitsuba-3.8.0-cp312-abi3-win_amd64.whl", hash = "sha256:f30621af86bd6d99374940f16c193d812855cc54d774dd43220c02ac6628d04b", size = 46450881, upload-time = "2026-02-23T16:07:00.304Z" },
    { url = "https://files.pythonhosted.org/packages/b5/3b/d6e3562c0c544138a8385cf6badee6f551b7c76ef9f77caa4a52dcf75f5b/mitsuba-3.8.0-cp313-cp313-macosx_11_0_arm64.whl", hash = "sha256:159a3a45147acdcd22a8c0aa2d37beb0ca000104cfc497533568d27022950549", size = 37500855, upload-time = "2026-02-23T16:07:20.897Z" },
    { url = "https://files.pythonhosted.org/packages/74/7b/c600e185618d568442a7f15b66afc84c2de419721c5a3977f7dd9720f42d/mitsuba-3.8.0-cp313-cp313-manylinux2014_aarch64.manylinux_2_17_aarch64.whl", hash = "sha256:72fd23a41dc3db6edd52b5b4551bac49164fed2e098f517b8ad598f5cb454d1c", size = 53949983, upload-time = "2026-02-23T16:07:24.399Z" },
    { url = "https://files.pythonhosted.org/packages/64/71/33a5d33b1f3f3dd856dd65be10692c621a8e9f26a7f3aaaf24933f5f869e/mitsuba-3.8.0-cp313-cp313-manylinux_2_28_x86_64.whl", hash = "sha256:e7fb4b1eb9943dfdc0bfb64ee2f1e87382ffa1954b1b948dd9d166e7e705df6a", size = 62976950, upload-time = "2026-02-23T16:07:27.259Z" },
    { url = "https://files.pythonhosted.org/packages/8a/b4/c712a4081a3892f5ca27f8584738b8ced40170d6621de20e6a5350a1e756/mitsuba-3.8.0-cp313-cp313-win_amd64.whl", hash = "sha256:d94a0883906a0d1493b2b6c37e7f7a9b61676e30e65752d747984de6567c34fe", size = 46456629, upload-time = "2026-02-23T16:07:30.053Z" },
    { url = "https://files.pythonhosted.org/packages/ac/8e/f820d02fb006e3e50a61705e53600213d6d5ee9b2f1b865e9fe4960b155f/mitsuba-3.8.0-cp314-cp314-macosx_11_0_arm64.whl", hash = "sha256:ed35a166148879635f1a0f7b09103864ea2abe17570dddf9cbc4631b5fa5bec6", size = 37509793, upload-time = "2026-02-23T16:07:32.702Z" },
    { url = "https://files.pythonhosted.org/packages/fe/85/2cf9c909d2fd17ea1f1b6971d93657ee4a047574b41b45594b7c542bb121/mitsuba-3.8.0-cp314-cp314-manylinux2014_aarch64.manylinux_2_17_aarch64.whl", hash = "sha256:85acc8085aa06f25a5452590021c9c7cb75976f2d41563e7d34b07015a740295", size = 53958320, upload-time = "2026-02-23T16:07:35.792Z" },
    { url = "https://files.pythonhosted.org/packages/b2/2d/69238f42531ae8eaef8a9b279d4ad025e6d260dcb18976906bc2ec7001e2/mitsuba-3.8.0-cp314-cp314-manylinux_2_28_x86_64.whl", hash = "sha256:812fcd3bcc11db2fc735a7f201a71f0ec2679671d6560a4591dd01ad6271a78d", size = 62981883, upload-time = "2026-02-23T16:07:38.74Z" },
    { url = "https://files.pythonhosted.org/packages/5c/a0/22b8eb1774545cae5f45c708e27f187d92095ee2088ce5e63329e1f1b4ff/mitsuba-3.8.0-cp314-cp314-win_amd64.whl", hash = "sha256:314aba39467273d52e7eff277bd25f7c524e514d2f907645f52f22e83a7f566e", size = 47424301, upload-time = "2026-02-23T16:07:41.639Z" },
]

[[package]]
name = "physically-based-renderer"
version = "0.1.0"
source = { virtual = "." }
dependencies = [
    { name = "mitsuba" },
]

[package.metadata]
requires-dist = [{ name = "mitsuba", specifier = ">=3.8.0" }]
